// !$*UTF8*$!
{
	archiveVersion = 1;
	classes = {
	};
	objectVersion = 46;
	objects = {

/* Begin PBXBuildFile section */
		7E1929491D37DF740010CA93 /* store.c in Sources */ = {isa = PBXBuildFile; fileRef = 7EEC62131D32BDD6005630F5 /* store.c */; };
		7E1929501D37DFA90010CA93 /* geod.c in Sources */ = {isa = PBXBuildFile; fileRef = 7E1929451D37DE340010CA93 /* geod.c */; };
		7E37300F1D3C22E100CF7A4F /* store.c in Sources */ = {isa = PBXBuildFile; fileRef = 7EEC62131D32BDD6005630F5 /* store.c */; };
		7E3730171D3C22FD00CF7A4F /* ipup.c in Sources */ = {isa = PBXBuildFile; fileRef = 7E37300C1D3C20B000CF7A4F /* ipup.c */; };
		7ECC37301D60207100E6948D /* binutils.c in Sources */ = {isa = PBXBuildFile; fileRef = 7ECC372F1D60207100E6948D /* binutils.c */; };
		7ECC37311D60207100E6948D /* binutils.c in Sources */ = {isa = PBXBuildFile; fileRef = 7ECC372F1D60207100E6948D /* binutils.c */; };
		7ECC37321D60207100E6948D /* binutils.c in Sources */ = {isa = PBXBuildFile; fileRef = 7ECC372F1D60207100E6948D /* binutils.c */; };
		7EE060321D62A4FF00E008A8 /* binutils.c in Sources */ = {isa = PBXBuildFile; fileRef = 7ECC372F1D60207100E6948D /* binutils.c */; };
		7EE060331D62A4FF00E008A8 /* store.c in Sources */ = {isa = PBXBuildFile; fileRef = 7EEC62131D32BDD6005630F5 /* store.c */; };
		7EE060341D62A4FF00E008A8 /* geod.c in Sources */ = {isa = PBXBuildFile; fileRef = 7E1929451D37DE340010CA93 /* geod.c */; };
		7EEC62121D32BDCD005630F5 /* ipdb.c in Sources */ = {isa = PBXBuildFile; fileRef = 7EEC62111D32BDCD005630F5 /* ipdb.c */; };
		7EEC62141D32BDD6005630F5 /* store.c in Sources */ = {isa = PBXBuildFile; fileRef = 7EEC62131D32BDD6005630F5 /* store.c */; };
/* End PBXBuildFile section */

/* Begin PBXCopyFilesBuildPhase section */
		7E19294B1D37DF740010CA93 /* CopyFiles */ = {
			isa = PBXCopyFilesBuildPhase;
			buildActionMask = 2147483647;
			dstPath = /usr/share/man/man1/;
			dstSubfolderSpec = 0;
			files = (
			);
			runOnlyForDeploymentPostprocessing = 1;
		};
		7E3730121D3C22E100CF7A4F /* CopyFiles */ = {
			isa = PBXCopyFilesBuildPhase;
			buildActionMask = 2147483647;
			dstPath = /usr/share/man/man1/;
			dstSubfolderSpec = 0;
			files = (
			);
			runOnlyForDeploymentPostprocessing = 1;
		};
		7EE060361D62A4FF00E008A8 /* CopyFiles */ = {
			isa = PBXCopyFilesBuildPhase;
			buildActionMask = 2147483647;
			dstPath = /usr/share/man/man1/;
			dstSubfolderSpec = 0;
			files = (
			);
			runOnlyForDeploymentPostprocessing = 1;
		};
		7EEC62051D32BCCD005630F5 /* CopyFiles */ = {
			isa = PBXCopyFilesBuildPhase;
			buildActionMask = 2147483647;
			dstPath = /usr/share/man/man1/;
			dstSubfolderSpec = 0;
			files = (
			);
			runOnlyForDeploymentPostprocessing = 1;
		};
/* End PBXCopyFilesBuildPhase section */

/* Begin PBXFileReference section */
		7E1929451D37DE340010CA93 /* geod.c */ = {isa = PBXFileReference; lastKnownFileType = sourcecode.c.c; path = geod.c; sourceTree = "<group>"; };
		7E19294F1D37DF740010CA93 /* geod */ = {isa = PBXFileReference; explicitFileType = "compiled.mach-o.executable"; includeInIndex = 0; path = geod; sourceTree = BUILT_PRODUCTS_DIR; };
		7E30DB911D36655C007B1C7D /* ipdb-update.sh */ = {isa = PBXFileReference; lastKnownFileType = text.script.sh; path = "ipdb-update.sh"; sourceTree = "<group>"; };
		7E37300C1D3C20B000CF7A4F /* ipup.c */ = {isa = PBXFileReference; lastKnownFileType = sourcecode.c.c; path = ipup.c; sourceTree = "<group>"; };
		7E3730161D3C22E100CF7A4F /* ipup */ = {isa = PBXFileReference; explicitFileType = "compiled.mach-o.executable"; includeInIndex = 0; path = ipup; sourceTree = BUILT_PRODUCTS_DIR; };
		7E3730181D3C6DB800CF7A4F /* README.md */ = {isa = PBXFileReference; indentWidth = 4; lastKnownFileType = net.daringfireball.markdown; path = README.md; sourceTree = "<group>"; tabWidth = 4; };
		7E374ECF1D59F6EB0085F3A8 /* gh-pages */ = {isa = PBXFileReference; lastKnownFileType = folder; path = "gh-pages"; sourceTree = "<group>"; };
		7EA9B4951D5925A200BEC2F9 /* ipdbtools.1 */ = {isa = PBXFileReference; explicitFileType = text.man; path = ipdbtools.1; sourceTree = "<group>"; };
		7ECC372E1D60207100E6948D /* binutils.h */ = {isa = PBXFileReference; fileEncoding = 4; lastKnownFileType = sourcecode.c.h; path = binutils.h; sourceTree = "<group>"; };
		7ECC372F1D60207100E6948D /* binutils.c */ = {isa = PBXFileReference; fileEncoding = 4; lastKnownFileType = sourcecode.c.c; path = binutils.c; sourceTree = "<group>"; };
		7EE0602F1D62A48D00E008A8 /* uint128test.c */ = {isa = PBXFileReference; lastKnownFileType = sourcecode.c.c; path = uint128test.c; sourceTree = "<group>"; };
		7EE0603A1D62A4FF00E008A8 /* uint128test */ = {isa = PBXFileReference; explicitFileType = "compiled.mach-o.executable"; includeInIndex = 0; path = uint128test; sourceTree = BUILT_PRODUCTS_DIR; };
		7EEC62071D32BCCD005630F5 /* ipdb */ = {isa = PBXFileReference; explicitFileType = "compiled.mach-o.executable"; includeInIndex = 0; path = ipdb; sourceTree = BUILT_PRODUCTS_DIR; };
		7EEC62111D32BDCD005630F5 /* ipdb.c */ = {isa = PBXFileReference; fileEncoding = 4; lastKnownFileType = sourcecode.c.c; path = ipdb.c; sourceTree = "<group>"; };
		7EEC62131D32BDD6005630F5 /* store.c */ = {isa = PBXFileReference; fileEncoding = 4; lastKnownFileType = sourcecode.c.c; path = store.c; sourceTree = "<group>"; };
		7EEC62151D32BDDB005630F5 /* store.h */ = {isa = PBXFileReference; lastKnownFileType = sourcecode.c.h; path = store.h; sourceTree = "<group>"; };
		7EEE068A1D3A63E50084AF67 /* Makefile */ = {isa = PBXFileReference; fileEncoding = 4; lastKnownFileType = sourcecode.make; path = Makefile; sourceTree = "<group>"; usesTabs = 1; };
		7EEE068C1D3A694D0084AF67 /* svnrev.xcconfig */ = {isa = PBXFileReference; fileEncoding = 4; lastKnownFileType = text.xcconfig; path = svnrev.xcconfig; sourceTree = "<group>"; };
		7EEE068D1D3A944C0084AF67 /* geod.rc */ = {isa = PBXFileReference; lastKnownFileType = sourcecode.rc; path = geod.rc; sourceTree = "<group>"; };
/* End PBXFileReference section */

/* Begin PBXFrameworksBuildPhase section */
		7E19294A1D37DF740010CA93 /* Frameworks */ = {
			isa = PBXFrameworksBuildPhase;
			buildActionMask = 2147483647;
			files = (
			);
			runOnlyForDeploymentPostprocessing = 0;
		};
		7E3730111D3C22E100CF7A4F /* Frameworks */ = {
			isa = PBXFrameworksBuildPhase;
			buildActionMask = 2147483647;
			files = (
			);
			runOnlyForDeploymentPostprocessing = 0;
		};
		7EE060351D62A4FF00E008A8 /* Frameworks */ = {
			isa = PBXFrameworksBuildPhase;
			buildActionMask = 2147483647;
			files = (
			);
			runOnlyForDeploymentPostprocessing = 0;
		};
		7EEC62041D32BCCD005630F5 /* Frameworks */ = {
			isa = PBXFrameworksBuildPhase;
			buildActionMask = 2147483647;
			files = (
			);
			runOnlyForDeploymentPostprocessing = 0;
		};
/* End PBXFrameworksBuildPhase section */

/* Begin PBXGroup section */
		7EEC61FE1D32BCCD005630F5 = {
			isa = PBXGroup;
			children = (
				7ECC372E1D60207100E6948D /* binutils.h */,
				7ECC372F1D60207100E6948D /* binutils.c */,
				7EEC62151D32BDDB005630F5 /* store.h */,
				7EEC62131D32BDD6005630F5 /* store.c */,
				7E37300C1D3C20B000CF7A4F /* ipup.c */,
				7EEC62111D32BDCD005630F5 /* ipdb.c */,
				7E1929451D37DE340010CA93 /* geod.c */,
				7EEE068D1D3A944C0084AF67 /* geod.rc */,
				7E30DB911D36655C007B1C7D /* ipdb-update.sh */,
				7EA9B4951D5925A200BEC2F9 /* ipdbtools.1 */,
				7EEE068A1D3A63E50084AF67 /* Makefile */,
				7EE0602F1D62A48D00E008A8 /* uint128test.c */,
				7E3730181D3C6DB800CF7A4F /* README.md */,
				7EEE068C1D3A694D0084AF67 /* svnrev.xcconfig */,
				7E374ECF1D59F6EB0085F3A8 /* gh-pages */,
				7EEC62081D32BCCD005630F5 /* Products */,
			);
			sourceTree = "<group>";
		};
		7EEC62081D32BCCD005630F5 /* Products */ = {
			isa = PBXGroup;
			children = (
				7EEC62071D32BCCD005630F5 /* ipdb */,
				7E19294F1D37DF740010CA93 /* geod */,
				7E3730161D3C22E100CF7A4F /* ipup */,
				7EE0603A1D62A4FF00E008A8 /* uint128test */,
			);
			name = Products;
			sourceTree = "<group>";
		};
/* End PBXGroup section */

/* Begin PBXNativeTarget section */
		7E1929461D37DF740010CA93 /* geod */ = {
			isa = PBXNativeTarget;
			buildConfigurationList = 7E19294C1D37DF740010CA93 /* Build configuration list for PBXNativeTarget "geod" */;
			buildPhases = (
				7E1929471D37DF740010CA93 /* Sources */,
				7E19294A1D37DF740010CA93 /* Frameworks */,
				7E19294B1D37DF740010CA93 /* CopyFiles */,
			);
			buildRules = (
			);
			dependencies = (
			);
			name = geod;
			productName = ipdb;
			productReference = 7E19294F1D37DF740010CA93 /* geod */;
			productType = "com.apple.product-type.tool";
		};
		7E37300D1D3C22E100CF7A4F /* ipup */ = {
			isa = PBXNativeTarget;
			buildConfigurationList = 7E3730131D3C22E100CF7A4F /* Build configuration list for PBXNativeTarget "ipup" */;
			buildPhases = (
				7E37300E1D3C22E100CF7A4F /* Sources */,
				7E3730111D3C22E100CF7A4F /* Frameworks */,
				7E3730121D3C22E100CF7A4F /* CopyFiles */,
			);
			buildRules = (
			);
			dependencies = (
			);
			name = ipup;
			productName = ipdb;
			productReference = 7E3730161D3C22E100CF7A4F /* ipup */;
			productType = "com.apple.product-type.tool";
		};
		7EE060301D62A4FF00E008A8 /* uint128test */ = {
			isa = PBXNativeTarget;
			buildConfigurationList = 7EE060371D62A4FF00E008A8 /* Build configuration list for PBXNativeTarget "uint128test" */;
			buildPhases = (
				7EE060311D62A4FF00E008A8 /* Sources */,
				7EE060351D62A4FF00E008A8 /* Frameworks */,
				7EE060361D62A4FF00E008A8 /* CopyFiles */,
			);
			buildRules = (
			);
			dependencies = (
			);
			name = uint128test;
			productName = ipdb;
			productReference = 7EE0603A1D62A4FF00E008A8 /* uint128test */;
			productType = "com.apple.product-type.tool";
		};
		7EEC62061D32BCCD005630F5 /* ipdb */ = {
			isa = PBXNativeTarget;
			buildConfigurationList = 7EEC620E1D32BCCE005630F5 /* Build configuration list for PBXNativeTarget "ipdb" */;
			buildPhases = (
				7EEC62031D32BCCD005630F5 /* Sources */,
				7EEC62041D32BCCD005630F5 /* Frameworks */,
				7EEC62051D32BCCD005630F5 /* CopyFiles */,
			);
			buildRules = (
			);
			dependencies = (
			);
			name = ipdb;
			productName = ipdb;
			productReference = 7EEC62071D32BCCD005630F5 /* ipdb */;
			productType = "com.apple.product-type.tool";
		};
/* End PBXNativeTarget section */

/* Begin PBXProject section */
		7EEC61FF1D32BCCD005630F5 /* Project object */ = {
			isa = PBXProject;
			attributes = {
				LastUpgradeCheck = 0730;
				ORGANIZATIONNAME = projectworld.net;
				TargetAttributes = {
					7EEC62061D32BCCD005630F5 = {
						CreatedOnToolsVersion = 7.3.1;
					};
				};
			};
			buildConfigurationList = 7EEC62021D32BCCD005630F5 /* Build configuration list for PBXProject "ipdb" */;
			compatibilityVersion = "Xcode 3.2";
			developmentRegion = English;
			hasScannedForEncodings = 0;
			knownRegions = (
				en,
			);
			mainGroup = 7EEC61FE1D32BCCD005630F5;
			productRefGroup = 7EEC62081D32BCCD005630F5 /* Products */;
			projectDirPath = "";
			projectRoot = "";
			targets = (
				7E37300D1D3C22E100CF7A4F /* ipup */,
				7EEC62061D32BCCD005630F5 /* ipdb */,
				7E1929461D37DF740010CA93 /* geod */,
				7EE060301D62A4FF00E008A8 /* uint128test */,
			);
		};
/* End PBXProject section */

/* Begin PBXSourcesBuildPhase section */
		7E1929471D37DF740010CA93 /* Sources */ = {
			isa = PBXSourcesBuildPhase;
			buildActionMask = 2147483647;
			files = (
				7ECC37321D60207100E6948D /* binutils.c in Sources */,
				7E1929491D37DF740010CA93 /* store.c in Sources */,
				7E1929501D37DFA90010CA93 /* geod.c in Sources */,
			);
			runOnlyForDeploymentPostprocessing = 0;
		};
		7E37300E1D3C22E100CF7A4F /* Sources */ = {
			isa = PBXSourcesBuildPhase;
			buildActionMask = 2147483647;
			files = (
				7ECC37301D60207100E6948D /* binutils.c in Sources */,
				7E37300F1D3C22E100CF7A4F /* store.c in Sources */,
				7E3730171D3C22FD00CF7A4F /* ipup.c in Sources */,
			);
			runOnlyForDeploymentPostprocessing = 0;
		};
		7EE060311D62A4FF00E008A8 /* Sources */ = {
			isa = PBXSourcesBuildPhase;
			buildActionMask = 2147483647;
			files = (
				7EE060321D62A4FF00E008A8 /* binutils.c in Sources */,
				7EE060331D62A4FF00E008A8 /* store.c in Sources */,
				7EE060341D62A4FF00E008A8 /* geod.c in Sources */,
			);
			runOnlyForDeploymentPostprocessing = 0;
		};
		7EEC62031D32BCCD005630F5 /* Sources */ = {
			isa = PBXSourcesBuildPhase;
			buildActionMask = 2147483647;
			files = (
				7ECC37311D60207100E6948D /* binutils.c in Sources */,
				7EEC62141D32BDD6005630F5 /* store.c in Sources */,
				7EEC62121D32BDCD005630F5 /* ipdb.c in Sources */,
			);
			runOnlyForDeploymentPostprocessing = 0;
		};
/* End PBXSourcesBuildPhase section */

/* Begin XCBuildConfiguration section */
		7E19294D1D37DF740010CA93 /* Debug */ = {
			isa = XCBuildConfiguration;
			buildSettings = {
				PRODUCT_NAME = "$(TARGET_NAME)";
			};
			name = Debug;
		};
		7E19294E1D37DF740010CA93 /* Release */ = {
			isa = XCBuildConfiguration;
			buildSettings = {
				PRODUCT_NAME = "$(TARGET_NAME)";
			};
			name = Release;
		};
		7E3730141D3C22E100CF7A4F /* Debug */ = {
			isa = XCBuildConfiguration;
			buildSettings = {
				PRODUCT_NAME = "$(TARGET_NAME)";
			};
			name = Debug;
		};
		7E3730151D3C22E100CF7A4F /* Release */ = {
			isa = XCBuildConfiguration;
			buildSettings = {
				PRODUCT_NAME = "$(TARGET_NAME)";
			};
			name = Release;
		};
		7EE060381D62A4FF00E008A8 /* Debug */ = {
			isa = XCBuildConfiguration;
			buildSettings = {
				ARCHS = "$(ARCHS_STANDARD_64_BIT)";
				OTHER_CFLAGS = (
					"-DSVNREV=\\\"$(SVNREV)\\\"",
					"-DUInt128_Testing",
				);
				PRODUCT_NAME = "$(TARGET_NAME)";
				VALID_ARCHS = x86_64;
			};
			name = Debug;
		};
		7EE060391D62A4FF00E008A8 /* Release */ = {
			isa = XCBuildConfiguration;
			buildSettings = {
				ARCHS = "$(ARCHS_STANDARD_64_BIT)";
				OTHER_CFLAGS = (
					"-DSVNREV=\\\"$(SVNREV)\\\"",
					"-DUInt128_Testing",
				);
				PRODUCT_NAME = "$(TARGET_NAME)";
				VALID_ARCHS = x86_64;
			};
			name = Release;
		};
		7EEC620C1D32BCCD005630F5 /* Debug */ = {
			isa = XCBuildConfiguration;
			baseConfigurationReference = 7EEE068C1D3A694D0084AF67 /* svnrev.xcconfig */;
			buildSettings = {
				ALWAYS_SEARCH_USER_PATHS = NO;
				ARCHS = "$(ARCHS_STANDARD_32_64_BIT)";
				CLANG_ANALYZER_NONNULL = YES;
				CLANG_WARN_BOOL_CONVERSION = YES;
				CLANG_WARN_CONSTANT_CONVERSION = YES;
				CLANG_WARN_DIRECT_OBJC_ISA_USAGE = YES_ERROR;
				CLANG_WARN_ENUM_CONVERSION = YES;
				CLANG_WARN_INT_CONVERSION = YES;
				CLANG_WARN_NULLABLE_TO_NONNULL_CONVERSION = YES;
				CLANG_WARN_OBJC_ROOT_CLASS = YES_ERROR;
				CLANG_WARN_SUSPICIOUS_IMPLICIT_CONVERSION = YES;
				CLANG_WARN_UNREACHABLE_CODE = YES;
				CLANG_WARN__DUPLICATE_METHOD_MATCH = YES;
				GCC_C_LANGUAGE_STANDARD = c11;
				GCC_OPTIMIZATION_LEVEL = 0;
				GCC_PREPROCESSOR_DEFINITIONS = (
					"DEBUG=1",
					"$(inherited)",
				);
				GCC_WARN_64_TO_32_BIT_CONVERSION = YES;
				GCC_WARN_ABOUT_MISSING_FIELD_INITIALIZERS = YES;
				GCC_WARN_ABOUT_MISSING_NEWLINE = YES;
				GCC_WARN_ABOUT_RETURN_TYPE = YES_ERROR;
				GCC_WARN_MISSING_PARENTHESES = NO;
				GCC_WARN_SHADOW = YES;
				GCC_WARN_UNDECLARED_SELECTOR = YES;
				GCC_WARN_UNINITIALIZED_AUTOS = YES_AGGRESSIVE;
				GCC_WARN_UNUSED_FUNCTION = YES;
				GCC_WARN_UNUSED_VARIABLE = YES;
				OTHER_CFLAGS = "-DSVNREV=\\\"$(SVNREV)\\\"";
			};
			name = Debug;
		};
		7EEC620D1D32BCCD005630F5 /* Release */ = {
			isa = XCBuildConfiguration;
			baseConfigurationReference = 7EEE068C1D3A694D0084AF67 /* svnrev.xcconfig */;
			buildSettings = {
				ALWAYS_SEARCH_USER_PATHS = NO;
				ARCHS = "$(ARCHS_STANDARD_32_64_BIT)";
				CLANG_ANALYZER_NONNULL = YES;
				CLANG_WARN_BOOL_CONVERSION = YES;
				CLANG_WARN_CONSTANT_CONVERSION = YES;
				CLANG_WARN_DIRECT_OBJC_ISA_USAGE = YES_ERROR;
				CLANG_WARN_ENUM_CONVERSION = YES;
				CLANG_WARN_INT_CONVERSION = YES;
				CLANG_WARN_NULLABLE_TO_NONNULL_CONVERSION = YES;
				CLANG_WARN_OBJC_ROOT_CLASS = YES_ERROR;
				CLANG_WARN_SUSPICIOUS_IMPLICIT_CONVERSION = YES;
				CLANG_WARN_UNREACHABLE_CODE = YES;
				CLANG_WARN__DUPLICATE_METHOD_MATCH = YES;
				GCC_C_LANGUAGE_STANDARD = c11;
				GCC_OPTIMIZATION_LEVEL = fast;
				GCC_WARN_64_TO_32_BIT_CONVERSION = YES;
				GCC_WARN_ABOUT_MISSING_FIELD_INITIALIZERS = YES;
				GCC_WARN_ABOUT_MISSING_NEWLINE = YES;
				GCC_WARN_ABOUT_RETURN_TYPE = YES_ERROR;
				GCC_WARN_MISSING_PARENTHESES = NO;
				GCC_WARN_SHADOW = YES;
				GCC_WARN_UNDECLARED_SELECTOR = YES;
				GCC_WARN_UNINITIALIZED_AUTOS = YES_AGGRESSIVE;
				GCC_WARN_UNUSED_FUNCTION = YES;
				GCC_WARN_UNUSED_VARIABLE = YES;
				OTHER_CFLAGS = "-DSVNREV=\\\"$(SVNREV)\\\"";
			};
			name = Release;
		};
		7EEC620F1D32BCCE005630F5 /* Debug */ = {
			isa = XCBuildConfiguration;
			buildSettings = {
				PRODUCT_NAME = "$(TARGET_NAME)";
			};
			name = Debug;
		};
		7EEC62101D32BCCE005630F5 /* Release */ = {
			isa = XCBuildConfiguration;
			buildSettings = {
				PRODUCT_NAME = "$(TARGET_NAME)";
			};
			name = Release;
		};
/* End XCBuildConfiguration section */

/* Begin XCConfigurationList section */
		7E19294C1D37DF740010CA93 /* Build configuration list for PBXNativeTarget "geod" */ = {
			isa = XCConfigurationList;
			buildConfigurations = (
				7E19294D1D37DF740010CA93 /* Debug */,
				7E19294E1D37DF740010CA93 /* Release */,
			);
			defaultConfigurationIsVisible = 0;
			defaultConfigurationName = Release;
		};
		7E3730131D3C22E100CF7A4F /* Build configuration list for PBXNativeTarget "ipup" */ = {
			isa = XCConfigurationList;
			buildConfigurations = (
				7E3730141D3C22E100CF7A4F /* Debug */,
				7E3730151D3C22E100CF7A4F /* Release */,
			);
			defaultConfigurationIsVisible = 0;
			defaultConfigurationName = Release;
		};
		7EE060371D62A4FF00E008A8 /* Build configuration list for PBXNativeTarget "uint128test" */ = {
			isa = XCConfigurationList;
			buildConfigurations = (
				7EE060381D62A4FF00E008A8 /* Debug */,
				7EE060391D62A4FF00E008A8 /* Release */,
			);
			defaultConfigurationIsVisible = 0;
			defaultConfigurationName = Release;
		};
		7EEC62021D32BCCD005630F5 /* Build configuration list for PBXProject "ipdb" */ = {
			isa = XCConfigurationList;
			buildConfigurations = (
				7EEC620C1D32BCCD005630F5 /* Debug */,
				7EEC620D1D32BCCD005630F5 /* Release */,
			);
			defaultConfigurationIsVisible = 0;
			defaultConfigurationName = Release;
		};
		7EEC620E1D32BCCE005630F5 /* Build configuration list for PBXNativeTarget "ipdb" */ = {
			isa = XCConfigurationList;
			buildConfigurations = (
				7EEC620F1D32BCCE005630F5 /* Debug */,
				7EEC62101D32BCCE005630F5 /* Release */,
			);
			defaultConfigurationIsVisible = 0;
			defaultConfigurationName = Release;
		};
/* End XCConfigurationList section */
	};
	rootObject = 7EEC61FF1D32BCCD005630F5 /* Project object */;
}
